
Microsoft Visual Studio Solution File, Format Version 12.00
# Visual Studio 15
VisualStudioVersion = 15.0.26730.16
MinimumVisualStudioVersion = 10.0.40219.1
Project("{FAE04EC0-301F-11D3-BF4B-00C04F79EFBC}") = "TurtleChallenge", "TurtleChallenge\TurtleChallenge.csproj", "{68715CB4-F982-4AD8-95E9-7BAC7B0C1811}"
EndProject
Global
	GlobalSection(SolutionConfigurationPlatforms) = preSolution
		Debug|Any CPU = Debug|Any CPU
		Release|Any CPU = Release|Any CPU
	EndGlobalSection
	GlobalSection(ProjectConfigurationPlatforms) = postSolution
		{68715CB4-F982-4AD8-95E9-7BAC7B0C1811}.Debug|Any CPU.ActiveCfg = Debug|Any CPU
		{68715CB4-F982-4AD8-95E9-7BAC7B0C1811}.Debug|Any CPU.Build.0 = Debug|Any CPU
		{68715CB4-F982-4AD8-95E9-7BAC7B0C1811}.Release|Any CPU.ActiveCfg = Release|Any CPU
		{68715CB4-F982-4AD8-95E9-7BAC7B0C1811}.Release|Any CPU.Build.0 = Release|Any CPU
	EndGlobalSection
	GlobalSection(SolutionProperties) = preSolution
		HideSolutionNode = FALSE
	EndGlobalSection
	GlobalSection(ExtensibilityGlobals) = postSolution
		SolutionGuid = {D0734728-F7C7-4366-8DCF-0A0D1CEF80EC}
	EndGlobalSection
EndGlobal
